name: Update flake.lock

on:
  workflow_dispatch:
  schedule:
    - cron: "0 7 */2 * *"

jobs:
  update-flake-lock:
    runs-on: ubuntu-latest
    permissions:
      contents: write
    steps:
      - uses: actions/checkout@de0fac2e4500dabe0009e67214ff5f5447ce83dd # v6

      - uses: DeterminateSystems/nix-installer-action@c5a866b6ab867e88becbed4467b93592bce69f8a # v21

      - name: Update flake.lock
        run: nix flake update

      - name: Commit and push changes
        run: |
          git config user.name "github-actions[bot]"
          git config user.email "41898282+github-actions[bot]@users.noreply.github.com"
          git diff --quiet flake.lock && exit 0
          git add flake.lock
          git commit -m "chore: nix flake update"
          git push
